{
  "name": "chadbot",
  "lockfileVersion": 2,
  "requires": true,
  "packages": {
    "": {
      "dependencies": {
        "console-stamp": "^3.1.0",
        "revolt.js": "^6.0.19",
        "spam-detection": "^1.0.3"
      }
    },
    "node_modules/@insertish/exponential-backoff": {
      "version": "3.1.0-patch.2",
      "resolved": "https://registry.npmjs.org/@insertish/exponential-backoff/-/exponential-backoff-3.1.0-patch.2.tgz",
      "integrity": "sha512-0lsMVexkZ7dHpQlPrTZDRsm42hZ4/CzKxP1hbAEJH8IaEwrIEhhTKJuFxPuLOi2TwPImuocncjYHpGpwVNOemQ=="
    },
    "node_modules/@insertish/isomorphic-ws": {
      "version": "4.0.1",
      "resolved": "https://registry.npmjs.org/@insertish/isomorphic-ws/-/isomorphic-ws-4.0.1.tgz",
      "integrity": "sha512-kFD/p8T4Hkqr992QrdkbW/cQ/W/q2d9MPCobwzBv2PwTKLkCD9RaYDy6m17qRnSLQQ5PU0kHCG8kaOwAqzj1vQ==",
      "peerDependencies": {
        "ws": "*"
      }
    },
    "node_modules/@insertish/oapi": {
      "version": "0.1.18",
      "resolved": "https://registry.npmjs.org/@insertish/oapi/-/oapi-0.1.18.tgz",
      "integrity": "sha512-LZLUk3WmzUjCM0quensexvQx/Kk1MpFBtCLJRnRrPOiaFT37JpOmWUFlrdu0sPS6B9wi2edEBeLcsnIiq85WMA==",
      "dependencies": {
        "typescript": "^4.6.2"
      },
      "bin": {
        "oapilib": "cli.js"
      },
      "optionalDependencies": {
        "axios": "^0.26.1",
        "openapi-typescript": "^5.2.0"
      }
    },
    "node_modules/@insertish/oapi/node_modules/axios": {
      "version": "0.26.1",
      "resolved": "https://registry.npmjs.org/axios/-/axios-0.26.1.tgz",
      "integrity": "sha512-fPwcX4EvnSHuInCMItEhAGnaSEXRBjtzh9fOtsE6E1G6p7vl7edEeZe11QHf18+6+9gR5PbKV/sGKNaD8YaMeA==",
      "optional": true,
      "dependencies": {
        "follow-redirects": "^1.14.8"
      }
    },
    "node_modules/ansi-styles": {
      "version": "4.3.0",
      "resolved": "https://registry.npmjs.org/ansi-styles/-/ansi-styles-4.3.0.tgz",
      "integrity": "sha512-zbB9rCJAT1rbjiVDb2hqKFHNYLxgtk8NURxZ3IZwD3F6NtxbXZQCnnSi1Lkx+IDohdPlFp222wVALIheZJQSEg==",
      "dependencies": {
        "color-convert": "^2.0.1"
      },
      "engines": {
        "node": ">=8"
      },
      "funding": {
        "url": "https://github.com/chalk/ansi-styles?sponsor=1"
      }
    },
    "node_modules/argparse": {
      "version": "2.0.1",
      "resolved": "https://registry.npmjs.org/argparse/-/argparse-2.0.1.tgz",
      "integrity": "sha512-8+9WqebbFzpX9OR+Wa6O29asIogeRMzcGtAINdpMHHyAg10f05aSFVBbcEqGf/PXw1EjAZ+q2/bEBg3DvurK3Q==",
      "optional": true
    },
    "node_modules/axios": {
      "version": "0.21.4",
      "resolved": "https://registry.npmjs.org/axios/-/axios-0.21.4.tgz",
      "integrity": "sha512-ut5vewkiu8jjGBdqpM44XxjuCjq9LAKeHVmoVfHVzy8eHgxxq8SbAVQNovDA8mVi05kP0Ea/n/UzcSHcTJQfNg==",
      "dependencies": {
        "follow-redirects": "^1.14.0"
      }
    },
    "node_modules/bayes-classifier": {
      "version": "0.0.5",
      "resolved": "https://registry.npmjs.org/bayes-classifier/-/bayes-classifier-0.0.5.tgz",
      "integrity": "sha512-eadXcmLGCWvO2Fd0U/ABhfovnqJsZjDdvy6QE6QXp2t4I9KtoTpdnCJkYPoBX7bwE5lvrTQDg6Kqwbdf1n7ofg=="
    },
    "node_modules/busboy": {
      "version": "1.6.0",
      "resolved": "https://registry.npmjs.org/busboy/-/busboy-1.6.0.tgz",
      "integrity": "sha512-8SFQbg/0hQ9xy3UNTB0YEnsNBbWfhf7RtnzpL7TkBiTBRfrQ9Fxcnz7VJsleJpyp6rVLvXiuORqjlHi5q+PYuA==",
      "optional": true,
      "dependencies": {
        "streamsearch": "^1.1.0"
      },
      "engines": {
        "node": ">=10.16.0"
      }
    },
    "node_modules/chalk": {
      "version": "4.1.2",
      "resolved": "https://registry.npmjs.org/chalk/-/chalk-4.1.2.tgz",
      "integrity": "sha512-oKnbhFyRIXpUuez8iBMmyEa4nbj4IOQyuhc/wy9kY7/WVPcwIO9VA668Pu8RkO7+0G76SLROeyw9CpQ061i4mA==",
      "dependencies": {
        "ansi-styles": "^4.1.0",
        "supports-color": "^7.1.0"
      },
      "engines": {
        "node": ">=10"
      },
      "funding": {
        "url": "https://github.com/chalk/chalk?sponsor=1"
      }
    },
    "node_modules/color-convert": {
      "version": "2.0.1",
      "resolved": "https://registry.npmjs.org/color-convert/-/color-convert-2.0.1.tgz",
      "integrity": "sha512-RRECPsj7iu/xb5oKYcsFHSppFNnsj/52OVTRKb4zP5onXwVF3zVmmToNcOfGC+CRDpfK/U584fMg38ZHCaElKQ==",
      "dependencies": {
        "color-name": "~1.1.4"
      },
      "engines": {
        "node": ">=7.0.0"
      }
    },
    "node_modules/color-name": {
      "version": "1.1.4",
      "resolved": "https://registry.npmjs.org/color-name/-/color-name-1.1.4.tgz",
      "integrity": "sha512-dOy+3AuW3a2wNbZHIuMZpTcgjGuLU/uBL/ubcZF9OXbDo8ff4O8yVp5Bf0efS8uEoYo5q4Fx7dY9OgQGXgAsQA=="
    },
    "node_modules/console-stamp": {
      "version": "3.1.0",
      "resolved": "https://registry.npmjs.org/console-stamp/-/console-stamp-3.1.0.tgz",
      "integrity": "sha512-Vt22288o0Hrxb9uYwXMWYuw/Mu8iPSrFPtIiveq9uE0zWXPDDCAIvKZojqnwcyINnJY9tnTeG0neV/MD+2G5+g==",
      "dependencies": {
        "chalk": "^4.1.2",
        "dateformat": "^4.6.3"
      },
      "engines": {
        "node": ">=12"
      }
    },
    "node_modules/dateformat": {
      "version": "4.6.3",
      "resolved": "https://registry.npmjs.org/dateformat/-/dateformat-4.6.3.tgz",
      "integrity": "sha512-2P0p0pFGzHS5EMnhdxQi7aJN+iMheud0UhG4dlE1DLAlvL8JHjJJTX/CSm4JXwV0Ka5nGk3zC5mcb5bUQUxxMA==",
      "engines": {
        "node": "*"
      }
    },
    "node_modules/eventemitter3": {
      "version": "4.0.7",
      "resolved": "https://registry.npmjs.org/eventemitter3/-/eventemitter3-4.0.7.tgz",
      "integrity": "sha512-8guHBZCwKnFhYdHr2ysuRWErTwhoN2X8XELRlrRwpmfeY2jjuUN4taQMsULKUVo1K4DvZl+0pgfyoysHxvmvEw=="
    },
    "node_modules/follow-redirects": {
      "version": "1.15.2",
      "resolved": "https://registry.npmjs.org/follow-redirects/-/follow-redirects-1.15.2.tgz",
      "integrity": "sha512-VQLG33o04KaQ8uYi2tVNbdrWp1QWxNNea+nmIB4EVM28v0hmP17z7aG1+wAkNzVq4KeXTq3221ye5qTJP91JwA==",
      "funding": [
        {
          "type": "individual",
          "url": "https://github.com/sponsors/RubenVerborgh"
        }
      ],
      "engines": {
        "node": ">=4.0"
      },
      "peerDependenciesMeta": {
        "debug": {
          "optional": true
        }
      }
    },
    "node_modules/globalyzer": {
      "version": "0.1.0",
      "resolved": "https://registry.npmjs.org/globalyzer/-/globalyzer-0.1.0.tgz",
      "integrity": "sha512-40oNTM9UfG6aBmuKxk/giHn5nQ8RVz/SS4Ir6zgzOv9/qC3kKZ9v4etGTcJbEl/NyVQH7FGU7d+X1egr57Md2Q==",
      "optional": true
    },
    "node_modules/globrex": {
      "version": "0.1.2",
      "resolved": "https://registry.npmjs.org/globrex/-/globrex-0.1.2.tgz",
      "integrity": "sha512-uHJgbwAMwNFf5mLst7IWLNg14x1CkeqglJb/K3doi4dw6q2IvAAmM/Y81kevy83wP+Sst+nutFTYOGg3d1lsxg==",
      "optional": true
    },
    "node_modules/has-flag": {
      "version": "4.0.0",
      "resolved": "https://registry.npmjs.org/has-flag/-/has-flag-4.0.0.tgz",
      "integrity": "sha512-EykJT/Q1KjTWctppgIAgfSO0tKVuZUjhgMr17kqTumMl6Afv3EISleU7qZUzoXDFTAHTDC4NOoG/ZxU3EvlMPQ==",
      "engines": {
        "node": ">=8"
      }
    },
    "node_modules/js-yaml": {
      "version": "4.1.0",
      "resolved": "https://registry.npmjs.org/js-yaml/-/js-yaml-4.1.0.tgz",
      "integrity": "sha512-wpxZs9NoxZaJESJGIZTyDEaYpl0FKSA+FB9aJiyemKhMwkxQg63h4T1KJgUGHpTqPDNRcmmYLugrRjJlBtWvRA==",
      "optional": true,
      "dependencies": {
        "argparse": "^2.0.1"
      },
      "bin": {
        "js-yaml": "bin/js-yaml.js"
      }
    },
    "node_modules/lodash.defaultsdeep": {
      "version": "4.6.1",
      "resolved": "https://registry.npmjs.org/lodash.defaultsdeep/-/lodash.defaultsdeep-4.6.1.tgz",
      "integrity": "sha512-3j8wdDzYuWO3lM3Reg03MuQR957t287Rpcxp1njpEa8oDrikb+FwGdW3n+FELh/A6qib6yPit0j/pv9G/yeAqA=="
    },
    "node_modules/lodash.flatten": {
      "version": "4.4.0",
      "resolved": "https://registry.npmjs.org/lodash.flatten/-/lodash.flatten-4.4.0.tgz",
      "integrity": "sha512-C5N2Z3DgnnKr0LOpv/hKCgKdb7ZZwafIrsesve6lmzvZIRZRGaZ/l6Q8+2W7NaT+ZwO3fFlSCzCzrDCFdJfZ4g=="
    },
    "node_modules/lodash.isequal": {
      "version": "4.5.0",
      "resolved": "https://registry.npmjs.org/lodash.isequal/-/lodash.isequal-4.5.0.tgz",
      "integrity": "sha512-pDo3lu8Jhfjqls6GkMgpahsF9kCyayhgykjyLMNFTKWrpVdAQtYyB4muAMWozBB4ig/dtWAmsMxLEI8wuz+DYQ=="
    },
    "node_modules/long": {
      "version": "5.2.1",
      "resolved": "https://registry.npmjs.org/long/-/long-5.2.1.tgz",
      "integrity": "sha512-GKSNGeNAtw8IryjjkhZxuKB3JzlcLTwjtiQCHKvqQet81I93kXslhDQruGI/QsddO83mcDToBVy7GqGS/zYf/A=="
    },
    "node_modules/mime": {
      "version": "3.0.0",
      "resolved": "https://registry.npmjs.org/mime/-/mime-3.0.0.tgz",
      "integrity": "sha512-jSCU7/VB1loIWBZe14aEYHU/+1UMEHoaO7qxCOVJOw9GgH72VAWppxNcjU+x9a2k3GSIBXNKxXQFqRvvZ7vr3A==",
      "optional": true,
      "bin": {
        "mime": "cli.js"
      },
      "engines": {
        "node": ">=10.0.0"
      }
    },
    "node_modules/mobx": {
      "version": "6.7.0",
      "resolved": "https://registry.npmjs.org/mobx/-/mobx-6.7.0.tgz",
      "integrity": "sha512-1kBLBdSNG2bA522HQdbsTvwAwYf9hq9FWxmlhX7wTsJUAI54907J+ozfGW+LoYUo06vjit748g6QH1AAGLNebw==",
      "funding": {
        "type": "opencollective",
        "url": "https://opencollective.com/mobx"
      }
    },
    "node_modules/openapi-typescript": {
      "version": "5.4.1",
      "resolved": "https://registry.npmjs.org/openapi-typescript/-/openapi-typescript-5.4.1.tgz",
      "integrity": "sha512-AGB2QiZPz4rE7zIwV3dRHtoUC/CWHhUjuzGXvtmMQN2AFV8xCTLKcZUHLcdPQmt/83i22nRE7+TxXOXkK+gf4Q==",
      "optional": true,
      "dependencies": {
        "js-yaml": "^4.1.0",
        "mime": "^3.0.0",
        "prettier": "^2.6.2",
        "tiny-glob": "^0.2.9",
        "undici": "^5.4.0",
        "yargs-parser": "^21.0.1"
      },
      "bin": {
        "openapi-typescript": "bin/cli.js"
      },
      "engines": {
        "node": ">= 14.0.0"
      }
    },
    "node_modules/prettier": {
      "version": "2.8.2",
      "resolved": "https://registry.npmjs.org/prettier/-/prettier-2.8.2.tgz",
      "integrity": "sha512-BtRV9BcncDyI2tsuS19zzhzoxD8Dh8LiCx7j7tHzrkz8GFXAexeWFdi22mjE1d16dftH2qNaytVxqiRTGlMfpw==",
      "optional": true,
      "bin": {
        "prettier": "bin-prettier.js"
      },
      "engines": {
        "node": ">=10.13.0"
      },
      "funding": {
        "url": "https://github.com/prettier/prettier?sponsor=1"
      }
    },
    "node_modules/revolt-api": {
      "version": "0.5.5-5",
      "resolved": "https://registry.npmjs.org/revolt-api/-/revolt-api-0.5.5-5.tgz",
      "integrity": "sha512-H8O1vty8pJikWZ1JIc/QFe49YPov/309G8AUUfR/EsJccjAxw8Pw1XT2dvOreCF6CrQx8k0uX0RIRcw0wS7XRA==",
      "dependencies": {
        "@insertish/oapi": "0.1.18",
        "axios": "^0.26.1",
        "lodash.defaultsdeep": "^4.6.1"
      }
    },
    "node_modules/revolt-api/node_modules/axios": {
      "version": "0.26.1",
      "resolved": "https://registry.npmjs.org/axios/-/axios-0.26.1.tgz",
      "integrity": "sha512-fPwcX4EvnSHuInCMItEhAGnaSEXRBjtzh9fOtsE6E1G6p7vl7edEeZe11QHf18+6+9gR5PbKV/sGKNaD8YaMeA==",
      "dependencies": {
        "follow-redirects": "^1.14.8"
      }
    },
    "node_modules/revolt.js": {
      "version": "6.0.19",
      "resolved": "https://registry.npmjs.org/revolt.js/-/revolt.js-6.0.19.tgz",
      "integrity": "sha512-/tne+YgaqL5eFg6mxGXCch7hAPSspEkT5Vt7HEJ1vtcSsLPQyRG7CI7wmriekUhDmjLR9VM6WnY+q5j5wMgOXA==",
      "dependencies": {
        "@insertish/exponential-backoff": "3.1.0-patch.2",
        "@insertish/isomorphic-ws": "^4.0.1",
        "axios": "^0.21.4",
        "eventemitter3": "^4.0.7",
        "lodash.defaultsdeep": "^4.6.1",
        "lodash.flatten": "^4.4.0",
        "lodash.isequal": "^4.5.0",
        "long": "^5.2.0",
        "mobx": "^6.3.2",
        "revolt-api": "0.5.5-5",
        "ulid": "^2.3.0",
        "ws": "^8.2.2"
      }
    },
    "node_modules/spam-detection": {
      "version": "1.0.3",
      "resolved": "https://registry.npmjs.org/spam-detection/-/spam-detection-1.0.3.tgz",
      "integrity": "sha512-NZjRSnwB/pt4xftQAkzUrXNgndLj52j+OvPmj4WXIdhUDKTw2WSnAy0A4zrwEK8GY+Cwwla/KfTSJkZZPCgE2w==",
      "dependencies": {
        "bayes-classifier": "0.0.5"
      }
    },
    "node_modules/streamsearch": {
      "version": "1.1.0",
      "resolved": "https://registry.npmjs.org/streamsearch/-/streamsearch-1.1.0.tgz",
      "integrity": "sha512-Mcc5wHehp9aXz1ax6bZUyY5afg9u2rv5cqQI3mRrYkGC8rW2hM02jWuwjtL++LS5qinSyhj2QfLyNsuc+VsExg==",
      "optional": true,
      "engines": {
        "node": ">=10.0.0"
      }
    },
    "node_modules/supports-color": {
      "version": "7.2.0",
      "resolved": "https://registry.npmjs.org/supports-color/-/supports-color-7.2.0.tgz",
      "integrity": "sha512-qpCAvRl9stuOHveKsn7HncJRvv501qIacKzQlO/+Lwxc9+0q2wLyv4Dfvt80/DPn2pqOBsJdDiogXGR9+OvwRw==",
      "dependencies": {
        "has-flag": "^4.0.0"
      },
      "engines": {
        "node": ">=8"
      }
    },
    "node_modules/tiny-glob": {
      "version": "0.2.9",
      "resolved": "https://registry.npmjs.org/tiny-glob/-/tiny-glob-0.2.9.tgz",
      "integrity": "sha512-g/55ssRPUjShh+xkfx9UPDXqhckHEsHr4Vd9zX55oSdGZc/MD0m3sferOkwWtp98bv+kcVfEHtRJgBVJzelrzg==",
      "optional": true,
      "dependencies": {
        "globalyzer": "0.1.0",
        "globrex": "^0.1.2"
      }
    },
    "node_modules/typescript": {
      "version": "4.9.4",
      "resolved": "https://registry.npmjs.org/typescript/-/typescript-4.9.4.tgz",
      "integrity": "sha512-Uz+dTXYzxXXbsFpM86Wh3dKCxrQqUcVMxwU54orwlJjOpO3ao8L7j5lH+dWfTwgCwIuM9GQ2kvVotzYJMXTBZg==",
      "bin": {
        "tsc": "bin/tsc",
        "tsserver": "bin/tsserver"
      },
      "engines": {
        "node": ">=4.2.0"
      }
    },
    "node_modules/ulid": {
      "version": "2.3.0",
      "resolved": "https://registry.npmjs.org/ulid/-/ulid-2.3.0.tgz",
      "integrity": "sha512-keqHubrlpvT6G2wH0OEfSW4mquYRcbe/J8NMmveoQOjUqmo+hXtO+ORCpWhdbZ7k72UtY61BL7haGxW6enBnjw==",
      "bin": {
        "ulid": "bin/cli.js"
      }
    },
    "node_modules/undici": {
      "version": "5.15.0",
      "resolved": "https://registry.npmjs.org/undici/-/undici-5.15.0.tgz",
      "integrity": "sha512-wCAZJDyjw9Myv+Ay62LAoB+hZLPW9SmKbQkbHIhMw/acKSlpn7WohdMUc/Vd4j1iSMBO0hWwU8mjB7a5p5bl8g==",
      "optional": true,
      "dependencies": {
        "busboy": "^1.6.0"
      },
      "engines": {
        "node": ">=12.18"
      }
    },
    "node_modules/ws": {
      "version": "8.12.0",
      "resolved": "https://registry.npmjs.org/ws/-/ws-8.12.0.tgz",
      "integrity": "sha512-kU62emKIdKVeEIOIKVegvqpXMSTAMLJozpHZaJNDYqBjzlSYXQGviYwN1osDLJ9av68qHd4a2oSjd7yD4pacig==",
      "engines": {
        "node": ">=10.0.0"
      },
      "peerDependencies": {
        "bufferutil": "^4.0.1",
        "utf-8-validate": ">=5.0.2"
      },
      "peerDependenciesMeta": {
        "bufferutil": {
          "optional": true
        },
        "utf-8-validate": {
          "optional": true
        }
      }
    },
    "node_modules/yargs-parser": {
      "version": "21.1.1",
      "resolved": "https://registry.npmjs.org/yargs-parser/-/yargs-parser-21.1.1.tgz",
      "integrity": "sha512-tVpsJW7DdjecAiFpbIB1e3qxIQsE6NoPc5/eTdrbbIC4h0LVsWhnoa3g+m2HclBIujHzsxZ4VJVA+GUuc2/LBw==",
      "optional": true,
      "engines": {
        "node": ">=12"
      }
    }
  },
  "dependencies": {
    "@insertish/exponential-backoff": {
      "version": "3.1.0-patch.2",
      "resolved": "https://registry.npmjs.org/@insertish/exponential-backoff/-/exponential-backoff-3.1.0-patch.2.tgz",
      "integrity": "sha512-0lsMVexkZ7dHpQlPrTZDRsm42hZ4/CzKxP1hbAEJH8IaEwrIEhhTKJuFxPuLOi2TwPImuocncjYHpGpwVNOemQ=="
    },
    "@insertish/isomorphic-ws": {
      "version": "4.0.1",
      "resolved": "https://registry.npmjs.org/@insertish/isomorphic-ws/-/isomorphic-ws-4.0.1.tgz",
      "integrity": "sha512-kFD/p8T4Hkqr992QrdkbW/cQ/W/q2d9MPCobwzBv2PwTKLkCD9RaYDy6m17qRnSLQQ5PU0kHCG8kaOwAqzj1vQ==",
      "requires": {}
    },
    "@insertish/oapi": {
      "version": "0.1.18",
      "resolved": "https://registry.npmjs.org/@insertish/oapi/-/oapi-0.1.18.tgz",
      "integrity": "sha512-LZLUk3WmzUjCM0quensexvQx/Kk1MpFBtCLJRnRrPOiaFT37JpOmWUFlrdu0sPS6B9wi2edEBeLcsnIiq85WMA==",
      "requires": {
        "axios": "^0.26.1",
        "openapi-typescript": "^5.2.0",
        "typescript": "^4.6.2"
      },
      "dependencies": {
        "axios": {
          "version": "0.26.1",
          "resolved": "https://registry.npmjs.org/axios/-/axios-0.26.1.tgz",
          "integrity": "sha512-fPwcX4EvnSHuInCMItEhAGnaSEXRBjtzh9fOtsE6E1G6p7vl7edEeZe11QHf18+6+9gR5PbKV/sGKNaD8YaMeA==",
          "optional": true,
          "requires": {
            "follow-redirects": "^1.14.8"
          }
        }
      }
    },
    "ansi-styles": {
      "version": "4.3.0",
      "resolved": "https://registry.npmjs.org/ansi-styles/-/ansi-styles-4.3.0.tgz",
      "integrity": "sha512-zbB9rCJAT1rbjiVDb2hqKFHNYLxgtk8NURxZ3IZwD3F6NtxbXZQCnnSi1Lkx+IDohdPlFp222wVALIheZJQSEg==",
      "requires": {
        "color-convert": "^2.0.1"
      }
    },
    "argparse": {
      "version": "2.0.1",
      "resolved": "https://registry.npmjs.org/argparse/-/argparse-2.0.1.tgz",
      "integrity": "sha512-8+9WqebbFzpX9OR+Wa6O29asIogeRMzcGtAINdpMHHyAg10f05aSFVBbcEqGf/PXw1EjAZ+q2/bEBg3DvurK3Q==",
      "optional": true
    },
    "axios": {
      "version": "0.21.4",
      "resolved": "https://registry.npmjs.org/axios/-/axios-0.21.4.tgz",
      "integrity": "sha512-ut5vewkiu8jjGBdqpM44XxjuCjq9LAKeHVmoVfHVzy8eHgxxq8SbAVQNovDA8mVi05kP0Ea/n/UzcSHcTJQfNg==",
      "requires": {
        "follow-redirects": "^1.14.0"
      }
    },
    "bayes-classifier": {
      "version": "0.0.5",
      "resolved": "https://registry.npmjs.org/bayes-classifier/-/bayes-classifier-0.0.5.tgz",
      "integrity": "sha512-eadXcmLGCWvO2Fd0U/ABhfovnqJsZjDdvy6QE6QXp2t4I9KtoTpdnCJkYPoBX7bwE5lvrTQDg6Kqwbdf1n7ofg=="
    },
    "busboy": {
      "version": "1.6.0",
      "resolved": "https://registry.npmjs.org/busboy/-/busboy-1.6.0.tgz",
      "integrity": "sha512-8SFQbg/0hQ9xy3UNTB0YEnsNBbWfhf7RtnzpL7TkBiTBRfrQ9Fxcnz7VJsleJpyp6rVLvXiuORqjlHi5q+PYuA==",
      "optional": true,
      "requires": {
        "streamsearch": "^1.1.0"
      }
    },
    "chalk": {
      "version": "4.1.2",
      "resolved": "https://registry.npmjs.org/chalk/-/chalk-4.1.2.tgz",
      "integrity": "sha512-oKnbhFyRIXpUuez8iBMmyEa4nbj4IOQyuhc/wy9kY7/WVPcwIO9VA668Pu8RkO7+0G76SLROeyw9CpQ061i4mA==",
      "requires": {
        "ansi-styles": "^4.1.0",
        "supports-color": "^7.1.0"
      }
    },
    "color-convert": {
      "version": "2.0.1",
      "resolved": "https://registry.npmjs.org/color-convert/-/color-convert-2.0.1.tgz",
      "integrity": "sha512-RRECPsj7iu/xb5oKYcsFHSppFNnsj/52OVTRKb4zP5onXwVF3zVmmToNcOfGC+CRDpfK/U584fMg38ZHCaElKQ==",
      "requires": {
        "color-name": "~1.1.4"
      }
    },
    "color-name": {
      "version": "1.1.4",
      "resolved": "https://registry.npmjs.org/color-name/-/color-name-1.1.4.tgz",
      "integrity": "sha512-dOy+3AuW3a2wNbZHIuMZpTcgjGuLU/uBL/ubcZF9OXbDo8ff4O8yVp5Bf0efS8uEoYo5q4Fx7dY9OgQGXgAsQA=="
    },
    "console-stamp": {
      "version": "3.1.0",
      "resolved": "https://registry.npmjs.org/console-stamp/-/console-stamp-3.1.0.tgz",
      "integrity": "sha512-Vt22288o0Hrxb9uYwXMWYuw/Mu8iPSrFPtIiveq9uE0zWXPDDCAIvKZojqnwcyINnJY9tnTeG0neV/MD+2G5+g==",
      "requires": {
        "chalk": "^4.1.2",
        "dateformat": "^4.6.3"
      }
    },
    "dateformat": {
      "version": "4.6.3",
      "resolved": "https://registry.npmjs.org/dateformat/-/dateformat-4.6.3.tgz",
      "integrity": "sha512-2P0p0pFGzHS5EMnhdxQi7aJN+iMheud0UhG4dlE1DLAlvL8JHjJJTX/CSm4JXwV0Ka5nGk3zC5mcb5bUQUxxMA=="
    },
    "eventemitter3": {
      "version": "4.0.7",
      "resolved": "https://registry.npmjs.org/eventemitter3/-/eventemitter3-4.0.7.tgz",
      "integrity": "sha512-8guHBZCwKnFhYdHr2ysuRWErTwhoN2X8XELRlrRwpmfeY2jjuUN4taQMsULKUVo1K4DvZl+0pgfyoysHxvmvEw=="
    },
    "follow-redirects": {
      "version": "1.15.2",
      "resolved": "https://registry.npmjs.org/follow-redirects/-/follow-redirects-1.15.2.tgz",
      "integrity": "sha512-VQLG33o04KaQ8uYi2tVNbdrWp1QWxNNea+nmIB4EVM28v0hmP17z7aG1+wAkNzVq4KeXTq3221ye5qTJP91JwA=="
    },
    "globalyzer": {
      "version": "0.1.0",
      "resolved": "https://registry.npmjs.org/globalyzer/-/globalyzer-0.1.0.tgz",
      "integrity": "sha512-40oNTM9UfG6aBmuKxk/giHn5nQ8RVz/SS4Ir6zgzOv9/qC3kKZ9v4etGTcJbEl/NyVQH7FGU7d+X1egr57Md2Q==",
      "optional": true
    },
    "globrex": {
      "version": "0.1.2",
      "resolved": "https://registry.npmjs.org/globrex/-/globrex-0.1.2.tgz",
      "integrity": "sha512-uHJgbwAMwNFf5mLst7IWLNg14x1CkeqglJb/K3doi4dw6q2IvAAmM/Y81kevy83wP+Sst+nutFTYOGg3d1lsxg==",
      "optional": true
    },
    "has-flag": {
      "version": "4.0.0",
      "resolved": "https://registry.npmjs.org/has-flag/-/has-flag-4.0.0.tgz",
      "integrity": "sha512-EykJT/Q1KjTWctppgIAgfSO0tKVuZUjhgMr17kqTumMl6Afv3EISleU7qZUzoXDFTAHTDC4NOoG/ZxU3EvlMPQ=="
    },
    "js-yaml": {
      "version": "4.1.0",
      "resolved": "https://registry.npmjs.org/js-yaml/-/js-yaml-4.1.0.tgz",
      "integrity": "sha512-wpxZs9NoxZaJESJGIZTyDEaYpl0FKSA+FB9aJiyemKhMwkxQg63h4T1KJgUGHpTqPDNRcmmYLugrRjJlBtWvRA==",
      "optional": true,
      "requires": {
        "argparse": "^2.0.1"
      }
    },
    "lodash.defaultsdeep": {
      "version": "4.6.1",
      "resolved": "https://registry.npmjs.org/lodash.defaultsdeep/-/lodash.defaultsdeep-4.6.1.tgz",
      "integrity": "sha512-3j8wdDzYuWO3lM3Reg03MuQR957t287Rpcxp1njpEa8oDrikb+FwGdW3n+FELh/A6qib6yPit0j/pv9G/yeAqA=="
    },
    "lodash.flatten": {
      "version": "4.4.0",
      "resolved": "https://registry.npmjs.org/lodash.flatten/-/lodash.flatten-4.4.0.tgz",
      "integrity": "sha512-C5N2Z3DgnnKr0LOpv/hKCgKdb7ZZwafIrsesve6lmzvZIRZRGaZ/l6Q8+2W7NaT+ZwO3fFlSCzCzrDCFdJfZ4g=="
    },
    "lodash.isequal": {
      "version": "4.5.0",
      "resolved": "https://registry.npmjs.org/lodash.isequal/-/lodash.isequal-4.5.0.tgz",
      "integrity": "sha512-pDo3lu8Jhfjqls6GkMgpahsF9kCyayhgykjyLMNFTKWrpVdAQtYyB4muAMWozBB4ig/dtWAmsMxLEI8wuz+DYQ=="
    },
    "long": {
      "version": "5.2.1",
      "resolved": "https://registry.npmjs.org/long/-/long-5.2.1.tgz",
      "integrity": "sha512-GKSNGeNAtw8IryjjkhZxuKB3JzlcLTwjtiQCHKvqQet81I93kXslhDQruGI/QsddO83mcDToBVy7GqGS/zYf/A=="
    },
    "mime": {
      "version": "3.0.0",
      "resolved": "https://registry.npmjs.org/mime/-/mime-3.0.0.tgz",
      "integrity": "sha512-jSCU7/VB1loIWBZe14aEYHU/+1UMEHoaO7qxCOVJOw9GgH72VAWppxNcjU+x9a2k3GSIBXNKxXQFqRvvZ7vr3A==",
      "optional": true
    },
    "mobx": {
      "version": "6.7.0",
      "resolved": "https://registry.npmjs.org/mobx/-/mobx-6.7.0.tgz",
      "integrity": "sha512-1kBLBdSNG2bA522HQdbsTvwAwYf9hq9FWxmlhX7wTsJUAI54907J+ozfGW+LoYUo06vjit748g6QH1AAGLNebw=="
    },
    "openapi-typescript": {
      "version": "5.4.1",
      "resolved": "https://registry.npmjs.org/openapi-typescript/-/openapi-typescript-5.4.1.tgz",
      "integrity": "sha512-AGB2QiZPz4rE7zIwV3dRHtoUC/CWHhUjuzGXvtmMQN2AFV8xCTLKcZUHLcdPQmt/83i22nRE7+TxXOXkK+gf4Q==",
      "optional": true,
      "requires": {
        "js-yaml": "^4.1.0",
        "mime": "^3.0.0",
        "prettier": "^2.6.2",
        "tiny-glob": "^0.2.9",
        "undici": "^5.4.0",
        "yargs-parser": "^21.0.1"
      }
    },
    "prettier": {
      "version": "2.8.2",
      "resolved": "https://registry.npmjs.org/prettier/-/prettier-2.8.2.tgz",
      "integrity": "sha512-BtRV9BcncDyI2tsuS19zzhzoxD8Dh8LiCx7j7tHzrkz8GFXAexeWFdi22mjE1d16dftH2qNaytVxqiRTGlMfpw==",
      "optional": true
    },
    "revolt-api": {
      "version": "0.5.5-5",
      "resolved": "https://registry.npmjs.org/revolt-api/-/revolt-api-0.5.5-5.tgz",
      "integrity": "sha512-H8O1vty8pJikWZ1JIc/QFe49YPov/309G8AUUfR/EsJccjAxw8Pw1XT2dvOreCF6CrQx8k0uX0RIRcw0wS7XRA==",
      "requires": {
        "@insertish/oapi": "0.1.18",
        "axios": "^0.26.1",
        "lodash.defaultsdeep": "^4.6.1"
      },
      "dependencies": {
        "axios": {
          "version": "0.26.1",
          "resolved": "https://registry.npmjs.org/axios/-/axios-0.26.1.tgz",
          "integrity": "sha512-fPwcX4EvnSHuInCMItEhAGnaSEXRBjtzh9fOtsE6E1G6p7vl7edEeZe11QHf18+6+9gR5PbKV/sGKNaD8YaMeA==",
          "requires": {
            "follow-redirects": "^1.14.8"
          }
        }
      }
    },
    "revolt.js": {
      "version": "6.0.19",
      "resolved": "https://registry.npmjs.org/revolt.js/-/revolt.js-6.0.19.tgz",
      "integrity": "sha512-/tne+YgaqL5eFg6mxGXCch7hAPSspEkT5Vt7HEJ1vtcSsLPQyRG7CI7wmriekUhDmjLR9VM6WnY+q5j5wMgOXA==",
      "requires": {
        "@insertish/exponential-backoff": "3.1.0-patch.2",
        "@insertish/isomorphic-ws": "^4.0.1",
        "axios": "^0.21.4",
        "eventemitter3": "^4.0.7",
        "lodash.defaultsdeep": "^4.6.1",
        "lodash.flatten": "^4.4.0",
        "lodash.isequal": "^4.5.0",
        "long": "^5.2.0",
        "mobx": "^6.3.2",
        "revolt-api": "0.5.5-5",
        "ulid": "^2.3.0",
        "ws": "^8.2.2"
      }
    },
    "spam-detection": {
      "version": "1.0.3",
      "resolved": "https://registry.npmjs.org/spam-detection/-/spam-detection-1.0.3.tgz",
      "integrity": "sha512-NZjRSnwB/pt4xftQAkzUrXNgndLj52j+OvPmj4WXIdhUDKTw2WSnAy0A4zrwEK8GY+Cwwla/KfTSJkZZPCgE2w==",
      "requires": {
        "bayes-classifier": "0.0.5"
      }
    },
    "streamsearch": {
      "version": "1.1.0",
      "resolved": "https://registry.npmjs.org/streamsearch/-/streamsearch-1.1.0.tgz",
      "integrity": "sha512-Mcc5wHehp9aXz1ax6bZUyY5afg9u2rv5cqQI3mRrYkGC8rW2hM02jWuwjtL++LS5qinSyhj2QfLyNsuc+VsExg==",
      "optional": true
    },
    "supports-color": {
      "version": "7.2.0",
      "resolved": "https://registry.npmjs.org/supports-color/-/supports-color-7.2.0.tgz",
      "integrity": "sha512-qpCAvRl9stuOHveKsn7HncJRvv501qIacKzQlO/+Lwxc9+0q2wLyv4Dfvt80/DPn2pqOBsJdDiogXGR9+OvwRw==",
      "requires": {
        "has-flag": "^4.0.0"
      }
    },
    "tiny-glob": {
      "version": "0.2.9",
      "resolved": "https://registry.npmjs.org/tiny-glob/-/tiny-glob-0.2.9.tgz",
      "integrity": "sha512-g/55ssRPUjShh+xkfx9UPDXqhckHEsHr4Vd9zX55oSdGZc/MD0m3sferOkwWtp98bv+kcVfEHtRJgBVJzelrzg==",
      "optional": true,
      "requires": {
        "globalyzer": "0.1.0",
        "globrex": "^0.1.2"
      }
    },
    "typescript": {
      "version": "4.9.4",
      "resolved": "https://registry.npmjs.org/typescript/-/typescript-4.9.4.tgz",
      "integrity": "sha512-Uz+dTXYzxXXbsFpM86Wh3dKCxrQqUcVMxwU54orwlJjOpO3ao8L7j5lH+dWfTwgCwIuM9GQ2kvVotzYJMXTBZg=="
    },
    "ulid": {
      "version": "2.3.0",
      "resolved": "https://registry.npmjs.org/ulid/-/ulid-2.3.0.tgz",
      "integrity": "sha512-keqHubrlpvT6G2wH0OEfSW4mquYRcbe/J8NMmveoQOjUqmo+hXtO+ORCpWhdbZ7k72UtY61BL7haGxW6enBnjw=="
    },
    "undici": {
      "version": "5.15.0",
      "resolved": "https://registry.npmjs.org/undici/-/undici-5.15.0.tgz",
      "integrity": "sha512-wCAZJDyjw9Myv+Ay62LAoB+hZLPW9SmKbQkbHIhMw/acKSlpn7WohdMUc/Vd4j1iSMBO0hWwU8mjB7a5p5bl8g==",
      "optional": true,
      "requires": {
        "busboy": "^1.6.0"
      }
    },
    "ws": {
      "version": "8.12.0",
      "resolved": "https://registry.npmjs.org/ws/-/ws-8.12.0.tgz",
      "integrity": "sha512-kU62emKIdKVeEIOIKVegvqpXMSTAMLJozpHZaJNDYqBjzlSYXQGviYwN1osDLJ9av68qHd4a2oSjd7yD4pacig==",
      "requires": {}
    },
    "yargs-parser": {
      "version": "21.1.1",
      "resolved": "https://registry.npmjs.org/yargs-parser/-/yargs-parser-21.1.1.tgz",
      "integrity": "sha512-tVpsJW7DdjecAiFpbIB1e3qxIQsE6NoPc5/eTdrbbIC4h0LVsWhnoa3g+m2HclBIujHzsxZ4VJVA+GUuc2/LBw==",
      "optional": true
    }
  }
}
